
Microsoft Visual Studio Solution File, Format Version 12.00
# Visual Studio Version 17
VisualStudioVersion = 17.0.32014.148
MinimumVisualStudioVersion = 10.0.40219.1
Project("{FAE04EC0-301F-11D3-BF4B-00C04F79EFBC}") = "NeoCluster", "NeoCluster\NeoCluster.csproj", "{2D4D306A-7840-48F7-9A61-68A01370E75C}"
EndProject
Global
	GlobalSection(SolutionConfigurationPlatforms) = preSolution
		Debug|Any CPU = Debug|Any CPU
		Release|Any CPU = Release|Any CPU
	EndGlobalSection
	GlobalSection(ProjectConfigurationPlatforms) = postSolution
		{2D4D306A-7840-48F7-9A61-68A01370E75C}.Debug|Any CPU.ActiveCfg = Debug|Any CPU
		{2D4D306A-7840-48F7-9A61-68A01370E75C}.Debug|Any CPU.Build.0 = Debug|Any CPU
		{2D4D306A-7840-48F7-9A61-68A01370E75C}.Release|Any CPU.ActiveCfg = Release|Any CPU
		{2D4D306A-7840-48F7-9A61-68A01370E75C}.Release|Any CPU.Build.0 = Release|Any CPU
	EndGlobalSection
	GlobalSection(SolutionProperties) = preSolution
		HideSolutionNode = FALSE
	EndGlobalSection
	GlobalSection(ExtensibilityGlobals) = postSolution
		SolutionGuid = {A5296803-2E30-4326-BA12-C0B2B4AF7A27}
	EndGlobalSection
EndGlobal
